
Microsoft Visual Studio Solution File, Format Version 12.00
# Visual Studio Version 16
VisualStudioVersion = 16.0.29230.47
MinimumVisualStudioVersion = 10.0.40219.1
Project("{FAE04EC0-301F-11D3-BF4B-00C04F79EFBC}") = "Lab1", "Lab1\Lab1.csproj", "{8116F2AC-3B52-4FE4-8F87-4B90095778D2}"
EndProject
Global
	GlobalSection(SolutionConfigurationPlatforms) = preSolution
		Debug|Any CPU = Debug|Any CPU
		Release|Any CPU = Release|Any CPU
	EndGlobalSection
	GlobalSection(ProjectConfigurationPlatforms) = postSolution
		{8116F2AC-3B52-4FE4-8F87-4B90095778D2}.Debug|Any CPU.ActiveCfg = Debug|Any CPU
		{8116F2AC-3B52-4FE4-8F87-4B90095778D2}.Debug|Any CPU.Build.0 = Debug|Any CPU
		{8116F2AC-3B52-4FE4-8F87-4B90095778D2}.Release|Any CPU.ActiveCfg = Release|Any CPU
		{8116F2AC-3B52-4FE4-8F87-4B90095778D2}.Release|Any CPU.Build.0 = Release|Any CPU
	EndGlobalSection
	GlobalSection(SolutionProperties) = preSolution
		HideSolutionNode = FALSE
	EndGlobalSection
	GlobalSection(ExtensibilityGlobals) = postSolution
		SolutionGuid = {3F6EEDF3-2B86-42C9-92A7-D75090B4968E}
	EndGlobalSection
EndGlobal
